
Microsoft Visual Studio Solution File, Format Version 12.00
# Visual Studio Version 17
VisualStudioVersion = 17.5.002.0
MinimumVisualStudioVersion = 10.0.40219.1
Project("{9A19103F-16F7-4668-BE54-9A1E7A4F7556}") = "Treinamento-hot", "Treinamento-hot.csproj", "{8EBFD0D8-F8ED-42C6-9996-F00D74C8855F}"
EndProject
Global
	GlobalSection(SolutionConfigurationPlatforms) = preSolution
		Debug|Any CPU = Debug|Any CPU
		Release|Any CPU = Release|Any CPU
	EndGlobalSection
	GlobalSection(ProjectConfigurationPlatforms) = postSolution
		{8EBFD0D8-F8ED-42C6-9996-F00D74C8855F}.Debug|Any CPU.ActiveCfg = Debug|Any CPU
		{8EBFD0D8-F8ED-42C6-9996-F00D74C8855F}.Debug|Any CPU.Build.0 = Debug|Any CPU
		{8EBFD0D8-F8ED-42C6-9996-F00D74C8855F}.Release|Any CPU.ActiveCfg = Release|Any CPU
		{8EBFD0D8-F8ED-42C6-9996-F00D74C8855F}.Release|Any CPU.Build.0 = Release|Any CPU
	EndGlobalSection
	GlobalSection(SolutionProperties) = preSolution
		HideSolutionNode = FALSE
	EndGlobalSection
	GlobalSection(ExtensibilityGlobals) = postSolution
		SolutionGuid = {2D479601-057B-4519-B49B-1536F53A1E10}
	EndGlobalSection
EndGlobal
